
Microsoft Visual Studio Solution File, Format Version 11.00
# Visual Studio 2010
Project("{FAE04EC0-301F-11D3-BF4B-00C04F79EFBC}") = "AbstractViewModelFactory", "AbstractViewModelFactory\AbstractViewModelFactory.csproj", "{30D8C7DE-3000-4AC7-99CA-0FEFEB6E977D}"
EndProject
Project("{FAE04EC0-301F-11D3-BF4B-00C04F79EFBC}") = "AbstractViewModelFactory.Sl", "AbstractViewModelFactory.Sl\AbstractViewModelFactory.Sl.csproj", "{17435E8E-52A4-405C-A6E4-666252BD3D44}"
EndProject
Global
	GlobalSection(SolutionConfigurationPlatforms) = preSolution
		Debug|Any CPU = Debug|Any CPU
		Release|Any CPU = Release|Any CPU
	EndGlobalSection
	GlobalSection(ProjectConfigurationPlatforms) = postSolution
		{30D8C7DE-3000-4AC7-99CA-0FEFEB6E977D}.Debug|Any CPU.ActiveCfg = Debug|Any CPU
		{30D8C7DE-3000-4AC7-99CA-0FEFEB6E977D}.Debug|Any CPU.Build.0 = Debug|Any CPU
		{30D8C7DE-3000-4AC7-99CA-0FEFEB6E977D}.Release|Any CPU.ActiveCfg = Release|Any CPU
		{30D8C7DE-3000-4AC7-99CA-0FEFEB6E977D}.Release|Any CPU.Build.0 = Release|Any CPU
		{17435E8E-52A4-405C-A6E4-666252BD3D44}.Debug|Any CPU.ActiveCfg = Debug|Any CPU
		{17435E8E-52A4-405C-A6E4-666252BD3D44}.Debug|Any CPU.Build.0 = Debug|Any CPU
		{17435E8E-52A4-405C-A6E4-666252BD3D44}.Release|Any CPU.ActiveCfg = Release|Any CPU
		{17435E8E-52A4-405C-A6E4-666252BD3D44}.Release|Any CPU.Build.0 = Release|Any CPU
	EndGlobalSection
	GlobalSection(SolutionProperties) = preSolution
		HideSolutionNode = FALSE
	EndGlobalSection
EndGlobal
